dependencies:
- name: valkey
  repository: oci://ghcr.io/valkey-io/valkey-helm
  version: 0.9.3
- name: harbor-scanner-trivy
  repository: oci://8gears.container-registry.com/8gcr/charts
  version: 1.0.1
digest: sha256:039d9348b901ebd247fbc71f2bbdaf493cfb5ac653d88fba8084cc9be2973bd4
generated: "2026-09-07T12:51:59.137154946+05:30"
